
Microsoft Visual Studio Solution File, Format Version 12.00
# Visual Studio Version 17
VisualStudioVersion = 17.8.34316.72
MinimumVisualStudioVersion = 10.0.40219.1
Project("{2150E333-8FDC-42A3-9474-1A3956D46DE8}") = "User", "User", "{7B24E6D9-29DC-4E72-BBA4-F48F73F21575}"
EndProject
Project("{9A19103F-16F7-4668-BE54-9A1E7A4F7556}") = "UserService.API", "User\UserService.API\UserService.API.csproj", "{79736A71-140A-494C-87CB-E64CF4C91868}"
EndProject
Project("{9A19103F-16F7-4668-BE54-9A1E7A4F7556}") = "UserService.Core", "User\UserService.Core\UserService.Core.csproj", "{D4AFBADA-C838-4EE7-AB06-C8EDD22C6E28}"
EndProject
Project("{9A19103F-16F7-4668-BE54-9A1E7A4F7556}") = "UserService.Data", "User\UserService.Data\UserService.Data.csproj", "{A573F741-A035-4DF8-828B-8FA9ED1D42FA}"
EndProject
Project("{9A19103F-16F7-4668-BE54-9A1E7A4F7556}") = "UserService.Infrastructure", "User\UserService.Infrastructure\UserService.Infrastructure.csproj", "{408D3259-349C-4388-8203-E6791DF19BFB}"
EndProject
Project("{2150E333-8FDC-42A3-9474-1A3956D46DE8}") = "Registration", "Registration", "{4B915031-4CA9-4D18-B8C0-727C84075A39}"
EndProject
Project("{2150E333-8FDC-42A3-9474-1A3956D46DE8}") = "Category", "Category", "{25D0A044-EC05-48A7-B660-3697E6710954}"
EndProject
Project("{2150E333-8FDC-42A3-9474-1A3956D46DE8}") = "Group", "Group", "{BB859077-7F3A-4D75-A6B7-BFBD145A6513}"
EndProject
Project("{9A19103F-16F7-4668-BE54-9A1E7A4F7556}") = "RegistrationService.API", "Registration\RegistrationService.API\RegistrationService.API.csproj", "{2A102748-045B-414E-8505-78059CE9549B}"
EndProject
Project("{9A19103F-16F7-4668-BE54-9A1E7A4F7556}") = "RegistrationService.Core", "Registration\RegistrationService.Core\RegistrationService.Core.csproj", "{BC21236C-7DCC-415A-8D6C-4EFCDD194E82}"
EndProject
Project("{9A19103F-16F7-4668-BE54-9A1E7A4F7556}") = "RegistrationService.Data", "Registration\RegistrationService.Data\RegistrationService.Data.csproj", "{23E48361-1B42-48A6-B397-47435DDC1CC3}"
EndProject
Project("{9A19103F-16F7-4668-BE54-9A1E7A4F7556}") = "RegistrationService.Infrastructure", "Registration\RegistrationService.Infrastructure\RegistrationService.Infrastructure.csproj", "{8A3C9B53-7D2E-479E-9CA7-FA03241FEF28}"
EndProject
Project("{9A19103F-16F7-4668-BE54-9A1E7A4F7556}") = "GroupService.API", "Group\GroupService.API\GroupService.API.csproj", "{53C414C2-3E8E-4941-8929-69F791DBEBCC}"
EndProject
Project("{9A19103F-16F7-4668-BE54-9A1E7A4F7556}") = "GroupService.Core", "Group\GroupService.Core\GroupService.Core.csproj", "{C65F34D9-B72A-4032-9AA1-D55D7B72ACB4}"
EndProject
Project("{9A19103F-16F7-4668-BE54-9A1E7A4F7556}") = "GroupService.Data", "Group\GroupService.Data\GroupService.Data.csproj", "{21E92289-0AA3-445C-B1D3-0D5BE041542B}"
EndProject
Project("{9A19103F-16F7-4668-BE54-9A1E7A4F7556}") = "GroupService.Infrastructure", "Group\GroupService.Infrastructure\GroupService.Infrastructure.csproj", "{FC620167-5D38-40CA-8A73-053115318C09}"
EndProject
Project("{9A19103F-16F7-4668-BE54-9A1E7A4F7556}") = "CategoryService.API", "Category\CategoryService.API\CategoryService.API.csproj", "{C08C0E14-B4A6-499A-8564-0FCCEC2799C5}"
EndProject
Project("{9A19103F-16F7-4668-BE54-9A1E7A4F7556}") = "CategoryService.Core", "Category\CategoryService.Core\CategoryService.Core.csproj", "{88BCCDF0-0BC9-4159-B483-8144A8F9A58F}"
EndProject
Project("{9A19103F-16F7-4668-BE54-9A1E7A4F7556}") = "CategoryService.Data", "Category\CategoryService.Data\CategoryService.Data.csproj", "{31DA3B53-CB05-4A82-95A0-42AD16D33F9F}"
EndProject
Project("{9A19103F-16F7-4668-BE54-9A1E7A4F7556}") = "CategoryService.Infrastructure", "Category\CategoryService.Infrastructure\CategoryService.Infrastructure.csproj", "{751826EE-9694-426C-9350-EE7BB97C10DB}"
EndProject
Project("{2150E333-8FDC-42A3-9474-1A3956D46DE8}") = "Shared", "Shared", "{3C1F5078-93EE-4EEA-8A1E-AF5002F40229}"
EndProject
Project("{9A19103F-16F7-4668-BE54-9A1E7A4F7556}") = "Tempus.Shared", "Shared\Tempus.Shared\Tempus.Shared.csproj", "{C87709EA-7744-43AD-9F73-B9D086E782B8}"
EndProject
Project("{9A19103F-16F7-4668-BE54-9A1E7A4F7556}") = "APIGateway", "..\APIGateway\APIGateway.csproj", "{31BCF28D-C244-4614-8044-617115BAC35D}"
EndProject
Project("{FAE04EC0-301F-11D3-BF4B-00C04F79EFBC}") = "Tempus.Microservices.AppHost", "Tempus.Microservices.AppHost\Tempus.Microservices.AppHost.csproj", "{83296EFF-C485-4334-B717-07E6EC82423C}"
EndProject
Project("{FAE04EC0-301F-11D3-BF4B-00C04F79EFBC}") = "Tempus.Microservices.ServiceDefaults", "Tempus.Microservices.ServiceDefaults\Tempus.Microservices.ServiceDefaults.csproj", "{BA5ECD96-2565-5D29-4BD8-2BDE01D63FB5}"
EndProject
Global
	GlobalSection(SolutionConfigurationPlatforms) = preSolution
		Debug|Any CPU = Debug|Any CPU
		Release|Any CPU = Release|Any CPU
	EndGlobalSection
	GlobalSection(ProjectConfigurationPlatforms) = postSolution
		{79736A71-140A-494C-87CB-E64CF4C91868}.Debug|Any CPU.ActiveCfg = Debug|Any CPU
		{79736A71-140A-494C-87CB-E64CF4C91868}.Debug|Any CPU.Build.0 = Debug|Any CPU
		{79736A71-140A-494C-87CB-E64CF4C91868}.Release|Any CPU.ActiveCfg = Release|Any CPU
		{79736A71-140A-494C-87CB-E64CF4C91868}.Release|Any CPU.Build.0 = Release|Any CPU
		{D4AFBADA-C838-4EE7-AB06-C8EDD22C6E28}.Debug|Any CPU.ActiveCfg = Debug|Any CPU
		{D4AFBADA-C838-4EE7-AB06-C8EDD22C6E28}.Debug|Any CPU.Build.0 = Debug|Any CPU
		{D4AFBADA-C838-4EE7-AB06-C8EDD22C6E28}.Release|Any CPU.ActiveCfg = Release|Any CPU
		{D4AFBADA-C838-4EE7-AB06-C8EDD22C6E28}.Release|Any CPU.Build.0 = Release|Any CPU
		{A573F741-A035-4DF8-828B-8FA9ED1D42FA}.Debug|Any CPU.ActiveCfg = Debug|Any CPU
		{A573F741-A035-4DF8-828B-8FA9ED1D42FA}.Debug|Any CPU.Build.0 = Debug|Any CPU
		{A573F741-A035-4DF8-828B-8FA9ED1D42FA}.Release|Any CPU.ActiveCfg = Release|Any CPU
		{A573F741-A035-4DF8-828B-8FA9ED1D42FA}.Release|Any CPU.Build.0 = Release|Any CPU
		{408D3259-349C-4388-8203-E6791DF19BFB}.Debug|Any CPU.ActiveCfg = Debug|Any CPU
		{408D3259-349C-4388-8203-E6791DF19BFB}.Debug|Any CPU.Build.0 = Debug|Any CPU
		{408D3259-349C-4388-8203-E6791DF19BFB}.Release|Any CPU.ActiveCfg = Release|Any CPU
		{408D3259-349C-4388-8203-E6791DF19BFB}.Release|Any CPU.Build.0 = Release|Any CPU
		{2A102748-045B-414E-8505-78059CE9549B}.Debug|Any CPU.ActiveCfg = Debug|Any CPU
		{2A102748-045B-414E-8505-78059CE9549B}.Debug|Any CPU.Build.0 = Debug|Any CPU
		{2A102748-045B-414E-8505-78059CE9549B}.Release|Any CPU.ActiveCfg = Release|Any CPU
		{2A102748-045B-414E-8505-78059CE9549B}.Release|Any CPU.Build.0 = Release|Any CPU
		{BC21236C-7DCC-415A-8D6C-4EFCDD194E82}.Debug|Any CPU.ActiveCfg = Debug|Any CPU
		{BC21236C-7DCC-415A-8D6C-4EFCDD194E82}.Debug|Any CPU.Build.0 = Debug|Any CPU
		{BC21236C-7DCC-415A-8D6C-4EFCDD194E82}.Release|Any CPU.ActiveCfg = Release|Any CPU
		{BC21236C-7DCC-415A-8D6C-4EFCDD194E82}.Release|Any CPU.Build.0 = Release|Any CPU
		{23E48361-1B42-48A6-B397-47435DDC1CC3}.Debug|Any CPU.ActiveCfg = Debug|Any CPU
		{23E48361-1B42-48A6-B397-47435DDC1CC3}.Debug|Any CPU.Build.0 = Debug|Any CPU
		{23E48361-1B42-48A6-B397-47435DDC1CC3}.Release|Any CPU.ActiveCfg = Release|Any CPU
		{23E48361-1B42-48A6-B397-47435DDC1CC3}.Release|Any CPU.Build.0 = Release|Any CPU
		{8A3C9B53-7D2E-479E-9CA7-FA03241FEF28}.Debug|Any CPU.ActiveCfg = Debug|Any CPU
		{8A3C9B53-7D2E-479E-9CA7-FA03241FEF28}.Debug|Any CPU.Build.0 = Debug|Any CPU
		{8A3C9B53-7D2E-479E-9CA7-FA03241FEF28}.Release|Any CPU.ActiveCfg = Release|Any CPU
		{8A3C9B53-7D2E-479E-9CA7-FA03241FEF28}.Release|Any CPU.Build.0 = Release|Any CPU
		{53C414C2-3E8E-4941-8929-69F791DBEBCC}.Debug|Any CPU.ActiveCfg = Debug|Any CPU
		{53C414C2-3E8E-4941-8929-69F791DBEBCC}.Debug|Any CPU.Build.0 = Debug|Any CPU
		{53C414C2-3E8E-4941-8929-69F791DBEBCC}.Release|Any CPU.ActiveCfg = Release|Any CPU
		{53C414C2-3E8E-4941-8929-69F791DBEBCC}.Release|Any CPU.Build.0 = Release|Any CPU
		{C65F34D9-B72A-4032-9AA1-D55D7B72ACB4}.Debug|Any CPU.ActiveCfg = Debug|Any CPU
		{C65F34D9-B72A-4032-9AA1-D55D7B72ACB4}.Debug|Any CPU.Build.0 = Debug|Any CPU
		{C65F34D9-B72A-4032-9AA1-D55D7B72ACB4}.Release|Any CPU.ActiveCfg = Release|Any CPU
		{C65F34D9-B72A-4032-9AA1-D55D7B72ACB4}.Release|Any CPU.Build.0 = Release|Any CPU
		{21E92289-0AA3-445C-B1D3-0D5BE041542B}.Debug|Any CPU.ActiveCfg = Debug|Any CPU
		{21E92289-0AA3-445C-B1D3-0D5BE041542B}.Debug|Any CPU.Build.0 = Debug|Any CPU
		{21E92289-0AA3-445C-B1D3-0D5BE041542B}.Release|Any CPU.ActiveCfg = Release|Any CPU
		{21E92289-0AA3-445C-B1D3-0D5BE041542B}.Release|Any CPU.Build.0 = Release|Any CPU
		{FC620167-5D38-40CA-8A73-053115318C09}.Debug|Any CPU.ActiveCfg = Debug|Any CPU
		{FC620167-5D38-40CA-8A73-053115318C09}.Debug|Any CPU.Build.0 = Debug|Any CPU
		{FC620167-5D38-40CA-8A73-053115318C09}.Release|Any CPU.ActiveCfg = Release|Any CPU
		{FC620167-5D38-40CA-8A73-053115318C09}.Release|Any CPU.Build.0 = Release|Any CPU
		{C08C0E14-B4A6-499A-8564-0FCCEC2799C5}.Debug|Any CPU.ActiveCfg = Debug|Any CPU
		{C08C0E14-B4A6-499A-8564-0FCCEC2799C5}.Debug|Any CPU.Build.0 = Debug|Any CPU
		{C08C0E14-B4A6-499A-8564-0FCCEC2799C5}.Release|Any CPU.ActiveCfg = Release|Any CPU
		{C08C0E14-B4A6-499A-8564-0FCCEC2799C5}.Release|Any CPU.Build.0 = Release|Any CPU
		{88BCCDF0-0BC9-4159-B483-8144A8F9A58F}.Debug|Any CPU.ActiveCfg = Debug|Any CPU
		{88BCCDF0-0BC9-4159-B483-8144A8F9A58F}.Debug|Any CPU.Build.0 = Debug|Any CPU
		{88BCCDF0-0BC9-4159-B483-8144A8F9A58F}.Release|Any CPU.ActiveCfg = Release|Any CPU
		{88BCCDF0-0BC9-4159-B483-8144A8F9A58F}.Release|Any CPU.Build.0 = Release|Any CPU
		{31DA3B53-CB05-4A82-95A0-42AD16D33F9F}.Debug|Any CPU.ActiveCfg = Debug|Any CPU
		{31DA3B53-CB05-4A82-95A0-42AD16D33F9F}.Debug|Any CPU.Build.0 = Debug|Any CPU
		{31DA3B53-CB05-4A82-95A0-42AD16D33F9F}.Release|Any CPU.ActiveCfg = Release|Any CPU
		{31DA3B53-CB05-4A82-95A0-42AD16D33F9F}.Release|Any CPU.Build.0 = Release|Any CPU
		{751826EE-9694-426C-9350-EE7BB97C10DB}.Debug|Any CPU.ActiveCfg = Debug|Any CPU
		{751826EE-9694-426C-9350-EE7BB97C10DB}.Debug|Any CPU.Build.0 = Debug|Any CPU
		{751826EE-9694-426C-9350-EE7BB97C10DB}.Release|Any CPU.ActiveCfg = Release|Any CPU
		{751826EE-9694-426C-9350-EE7BB97C10DB}.Release|Any CPU.Build.0 = Release|Any CPU
		{C87709EA-7744-43AD-9F73-B9D086E782B8}.Debug|Any CPU.ActiveCfg = Debug|Any CPU
		{C87709EA-7744-43AD-9F73-B9D086E782B8}.Debug|Any CPU.Build.0 = Debug|Any CPU
		{C87709EA-7744-43AD-9F73-B9D086E782B8}.Release|Any CPU.ActiveCfg = Release|Any CPU
		{C87709EA-7744-43AD-9F73-B9D086E782B8}.Release|Any CPU.Build.0 = Release|Any CPU
		{31BCF28D-C244-4614-8044-617115BAC35D}.Debug|Any CPU.ActiveCfg = Debug|Any CPU
		{31BCF28D-C244-4614-8044-617115BAC35D}.Debug|Any CPU.Build.0 = Debug|Any CPU
		{31BCF28D-C244-4614-8044-617115BAC35D}.Release|Any CPU.ActiveCfg = Release|Any CPU
		{31BCF28D-C244-4614-8044-617115BAC35D}.Release|Any CPU.Build.0 = Release|Any CPU
		{83296EFF-C485-4334-B717-07E6EC82423C}.Debug|Any CPU.ActiveCfg = Debug|Any CPU
		{83296EFF-C485-4334-B717-07E6EC82423C}.Debug|Any CPU.Build.0 = Debug|Any CPU
		{83296EFF-C485-4334-B717-07E6EC82423C}.Release|Any CPU.ActiveCfg = Release|Any CPU
		{83296EFF-C485-4334-B717-07E6EC82423C}.Release|Any CPU.Build.0 = Release|Any CPU
		{BA5ECD96-2565-5D29-4BD8-2BDE01D63FB5}.Debug|Any CPU.ActiveCfg = Debug|Any CPU
		{BA5ECD96-2565-5D29-4BD8-2BDE01D63FB5}.Debug|Any CPU.Build.0 = Debug|Any CPU
		{BA5ECD96-2565-5D29-4BD8-2BDE01D63FB5}.Release|Any CPU.ActiveCfg = Release|Any CPU
		{BA5ECD96-2565-5D29-4BD8-2BDE01D63FB5}.Release|Any CPU.Build.0 = Release|Any CPU
	EndGlobalSection
	GlobalSection(SolutionProperties) = preSolution
		HideSolutionNode = FALSE
	EndGlobalSection
	GlobalSection(NestedProjects) = preSolution
		{79736A71-140A-494C-87CB-E64CF4C91868} = {7B24E6D9-29DC-4E72-BBA4-F48F73F21575}
		{D4AFBADA-C838-4EE7-AB06-C8EDD22C6E28} = {7B24E6D9-29DC-4E72-BBA4-F48F73F21575}
		{A573F741-A035-4DF8-828B-8FA9ED1D42FA} = {7B24E6D9-29DC-4E72-BBA4-F48F73F21575}
		{408D3259-349C-4388-8203-E6791DF19BFB} = {7B24E6D9-29DC-4E72-BBA4-F48F73F21575}
		{2A102748-045B-414E-8505-78059CE9549B} = {4B915031-4CA9-4D18-B8C0-727C84075A39}
		{BC21236C-7DCC-415A-8D6C-4EFCDD194E82} = {4B915031-4CA9-4D18-B8C0-727C84075A39}
		{23E48361-1B42-48A6-B397-47435DDC1CC3} = {4B915031-4CA9-4D18-B8C0-727C84075A39}
		{8A3C9B53-7D2E-479E-9CA7-FA03241FEF28} = {4B915031-4CA9-4D18-B8C0-727C84075A39}
		{53C414C2-3E8E-4941-8929-69F791DBEBCC} = {BB859077-7F3A-4D75-A6B7-BFBD145A6513}
		{C65F34D9-B72A-4032-9AA1-D55D7B72ACB4} = {BB859077-7F3A-4D75-A6B7-BFBD145A6513}
		{21E92289-0AA3-445C-B1D3-0D5BE041542B} = {BB859077-7F3A-4D75-A6B7-BFBD145A6513}
		{FC620167-5D38-40CA-8A73-053115318C09} = {BB859077-7F3A-4D75-A6B7-BFBD145A6513}
		{C08C0E14-B4A6-499A-8564-0FCCEC2799C5} = {25D0A044-EC05-48A7-B660-3697E6710954}
		{88BCCDF0-0BC9-4159-B483-8144A8F9A58F} = {25D0A044-EC05-48A7-B660-3697E6710954}
		{31DA3B53-CB05-4A82-95A0-42AD16D33F9F} = {25D0A044-EC05-48A7-B660-3697E6710954}
		{751826EE-9694-426C-9350-EE7BB97C10DB} = {25D0A044-EC05-48A7-B660-3697E6710954}
		{C87709EA-7744-43AD-9F73-B9D086E782B8} = {3C1F5078-93EE-4EEA-8A1E-AF5002F40229}
	EndGlobalSection
	GlobalSection(ExtensibilityGlobals) = postSolution
		SolutionGuid = {B5CCF52E-975F-4A8D-8EB6-7F758BF76647}
	EndGlobalSection
EndGlobal
